// !$*UTF8*$!
{
	archiveVersion = 1;
	classes = {
	};
	objectVersion = 46;
	objects = {

/* Begin PBXBuildFile section */
		772374DB1BA197EC009C391D /* AppDelegate.swift in Sources */ = {isa = PBXBuildFile; fileRef = 772374DA1BA197EC009C391D /* AppDelegate.swift */; };
		772374DE1BA197EC009C391D /* VirtualTourist.xcdatamodeld in Sources */ = {isa = PBXBuildFile; fileRef = 772374DC1BA197EC009C391D /* VirtualTourist.xcdatamodeld */; };
		772374E31BA197EC009C391D /* Main.storyboard in Resources */ = {isa = PBXBuildFile; fileRef = 772374E11BA197EC009C391D /* Main.storyboard */; };
		772374E51BA197EC009C391D /* Images.xcassets in Resources */ = {isa = PBXBuildFile; fileRef = 772374E41BA197EC009C391D /* Images.xcassets */; };
		772374E81BA197EC009C391D /* LaunchScreen.xib in Resources */ = {isa = PBXBuildFile; fileRef = 772374E61BA197EC009C391D /* LaunchScreen.xib */; };
		772374F41BA197ED009C391D /* VirtualTouristTests.swift in Sources */ = {isa = PBXBuildFile; fileRef = 772374F31BA197ED009C391D /* VirtualTouristTests.swift */; };
		772374FE1BA198C9009C391D /* MapKit.framework in Frameworks */ = {isa = PBXBuildFile; fileRef = 772374FD1BA198C9009C391D /* MapKit.framework */; };
		772375031BA19E60009C391D /* CoreDataStackManager.swift in Sources */ = {isa = PBXBuildFile; fileRef = 772375021BA19E60009C391D /* CoreDataStackManager.swift */; };
		772375061BA19F99009C391D /* TravelLocationsMapViewController.swift in Sources */ = {isa = PBXBuildFile; fileRef = 772375051BA19F99009C391D /* TravelLocationsMapViewController.swift */; };
		772375081BA19FA8009C391D /* PhotoAlbumViewController.swift in Sources */ = {isa = PBXBuildFile; fileRef = 772375071BA19FA8009C391D /* PhotoAlbumViewController.swift */; };
		7723750A1BA1A030009C391D /* ViewController.swift in Sources */ = {isa = PBXBuildFile; fileRef = 772375091BA1A030009C391D /* ViewController.swift */; };
		7723750D1BA1B188009C391D /* MKCoordinateRegion.swift in Sources */ = {isa = PBXBuildFile; fileRef = 7723750C1BA1B188009C391D /* MKCoordinateRegion.swift */; };
		7723750F1BA1D941009C391D /* PhotoCollectionViewCell.swift in Sources */ = {isa = PBXBuildFile; fileRef = 7723750E1BA1D941009C391D /* PhotoCollectionViewCell.swift */; };
		772375111BA1E368009C391D /* PhotoAlbumCollectionViewFlowLayout.swift in Sources */ = {isa = PBXBuildFile; fileRef = 772375101BA1E368009C391D /* PhotoAlbumCollectionViewFlowLayout.swift */; };
		772375151BA20644009C391D /* Pin.swift in Sources */ = {isa = PBXBuildFile; fileRef = 772375141BA20644009C391D /* Pin.swift */; };
		772375171BA20FF1009C391D /* PinAnnotation.swift in Sources */ = {isa = PBXBuildFile; fileRef = 772375161BA20FF1009C391D /* PinAnnotation.swift */; };
/* End PBXBuildFile section */

/* Begin PBXContainerItemProxy section */
		772374EE1BA197ED009C391D /* PBXContainerItemProxy */ = {
			isa = PBXContainerItemProxy;
			containerPortal = 772374CD1BA197EC009C391D /* Project object */;
			proxyType = 1;
			remoteGlobalIDString = 772374D41BA197EC009C391D;
			remoteInfo = VirtualTourist;
		};
/* End PBXContainerItemProxy section */

/* Begin PBXFileReference section */
		772374D51BA197EC009C391D /* VirtualTourist.app */ = {isa = PBXFileReference; explicitFileType = wrapper.application; includeInIndex = 0; path = VirtualTourist.app; sourceTree = BUILT_PRODUCTS_DIR; };
		772374D91BA197EC009C391D /* Info.plist */ = {isa = PBXFileReference; lastKnownFileType = text.plist.xml; path = Info.plist; sourceTree = "<group>"; };
		772374DA1BA197EC009C391D /* AppDelegate.swift */ = {isa = PBXFileReference; lastKnownFileType = sourcecode.swift; path = AppDelegate.swift; sourceTree = "<group>"; };
		772374DD1BA197EC009C391D /* VirtualTourist.xcdatamodel */ = {isa = PBXFileReference; lastKnownFileType = wrapper.xcdatamodel; path = VirtualTourist.xcdatamodel; sourceTree = "<group>"; };
		772374E21BA197EC009C391D /* Base */ = {isa = PBXFileReference; lastKnownFileType = file.storyboard; name = Base; path = Base.lproj/Main.storyboard; sourceTree = "<group>"; };
		772374E41BA197EC009C391D /* Images.xcassets */ = {isa = PBXFileReference; lastKnownFileType = folder.assetcatalog; path = Images.xcassets; sourceTree = "<group>"; };
		772374E71BA197EC009C391D /* Base */ = {isa = PBXFileReference; lastKnownFileType = file.xib; name = Base; path = Base.lproj/LaunchScreen.xib; sourceTree = "<group>"; };
		772374ED1BA197ED009C391D /* VirtualTouristTests.xctest */ = {isa = PBXFileReference; explicitFileType = wrapper.cfbundle; includeInIndex = 0; path = VirtualTouristTests.xctest; sourceTree = BUILT_PRODUCTS_DIR; };
		772374F21BA197ED009C391D /* Info.plist */ = {isa = PBXFileReference; lastKnownFileType = text.plist.xml; path = Info.plist; sourceTree = "<group>"; };
		772374F31BA197ED009C391D /* VirtualTouristTests.swift */ = {isa = PBXFileReference; lastKnownFileType = sourcecode.swift; path = VirtualTouristTests.swift; sourceTree = "<group>"; };
		772374FD1BA198C9009C391D /* MapKit.framework */ = {isa = PBXFileReference; lastKnownFileType = wrapper.framework; name = MapKit.framework; path = System/Library/Frameworks/MapKit.framework; sourceTree = SDKROOT; };
		772375021BA19E60009C391D /* CoreDataStackManager.swift */ = {isa = PBXFileReference; fileEncoding = 4; lastKnownFileType = sourcecode.swift; path = CoreDataStackManager.swift; sourceTree = "<group>"; };
		772375051BA19F99009C391D /* TravelLocationsMapViewController.swift */ = {isa = PBXFileReference; fileEncoding = 4; lastKnownFileType = sourcecode.swift; path = TravelLocationsMapViewController.swift; sourceTree = "<group>"; };
		772375071BA19FA8009C391D /* PhotoAlbumViewController.swift */ = {isa = PBXFileReference; fileEncoding = 4; lastKnownFileType = sourcecode.swift; path = PhotoAlbumViewController.swift; sourceTree = "<group>"; };
		772375091BA1A030009C391D /* ViewController.swift */ = {isa = PBXFileReference; fileEncoding = 4; lastKnownFileType = sourcecode.swift; path = ViewController.swift; sourceTree = "<group>"; };
		7723750C1BA1B188009C391D /* MKCoordinateRegion.swift */ = {isa = PBXFileReference; fileEncoding = 4; lastKnownFileType = sourcecode.swift; path = MKCoordinateRegion.swift; sourceTree = "<group>"; };
		7723750E1BA1D941009C391D /* PhotoCollectionViewCell.swift */ = {isa = PBXFileReference; fileEncoding = 4; lastKnownFileType = sourcecode.swift; path = PhotoCollectionViewCell.swift; sourceTree = "<group>"; };
		772375101BA1E368009C391D /* PhotoAlbumCollectionViewFlowLayout.swift */ = {isa = PBXFileReference; fileEncoding = 4; lastKnownFileType = sourcecode.swift; path = PhotoAlbumCollectionViewFlowLayout.swift; sourceTree = "<group>"; };
		772375141BA20644009C391D /* Pin.swift */ = {isa = PBXFileReference; fileEncoding = 4; lastKnownFileType = sourcecode.swift; path = Pin.swift; sourceTree = "<group>"; };
		772375161BA20FF1009C391D /* PinAnnotation.swift */ = {isa = PBXFileReference; fileEncoding = 4; lastKnownFileType = sourcecode.swift; path = PinAnnotation.swift; sourceTree = "<group>"; };
/* End PBXFileReference section */

/* Begin PBXFrameworksBuildPhase section */
		772374D21BA197EC009C391D /* Frameworks */ = {
			isa = PBXFrameworksBuildPhase;
			buildActionMask = 2147483647;
			files = (
				772374FE1BA198C9009C391D /* MapKit.framework in Frameworks */,
			);
			runOnlyForDeploymentPostprocessing = 0;
		};
		772374EA1BA197ED009C391D /* Frameworks */ = {
			isa = PBXFrameworksBuildPhase;
			buildActionMask = 2147483647;
			files = (
			);
			runOnlyForDeploymentPostprocessing = 0;
		};
/* End PBXFrameworksBuildPhase section */

/* Begin PBXGroup section */
		772374CC1BA197EC009C391D = {
			isa = PBXGroup;
			children = (
				772374FD1BA198C9009C391D /* MapKit.framework */,
				772374D71BA197EC009C391D /* VirtualTourist */,
				772374F01BA197ED009C391D /* VirtualTouristTests */,
				772374D61BA197EC009C391D /* Products */,
			);
			sourceTree = "<group>";
		};
		772374D61BA197EC009C391D /* Products */ = {
			isa = PBXGroup;
			children = (
				772374D51BA197EC009C391D /* VirtualTourist.app */,
				772374ED1BA197ED009C391D /* VirtualTouristTests.xctest */,
			);
			name = Products;
			sourceTree = "<group>";
		};
		772374D71BA197EC009C391D /* VirtualTourist */ = {
			isa = PBXGroup;
			children = (
				772374DA1BA197EC009C391D /* AppDelegate.swift */,
				772375041BA19E72009C391D /* CoreData */,
				772374FF1BA19DC7009C391D /* Model */,
				772375001BA19DCD009C391D /* View */,
				772375011BA19DD2009C391D /* Controller */,
				7723750B1BA1A0B8009C391D /* Utils */,
				772374D81BA197EC009C391D /* Supporting Files */,
			);
			path = VirtualTourist;
			sourceTree = "<group>";
		};
		772374D81BA197EC009C391D /* Supporting Files */ = {
			isa = PBXGroup;
			children = (
				772374D91BA197EC009C391D /* Info.plist */,
			);
			name = "Supporting Files";
			sourceTree = "<group>";
		};
		772374F01BA197ED009C391D /* VirtualTouristTests */ = {
			isa = PBXGroup;
			children = (
				772374F31BA197ED009C391D /* VirtualTouristTests.swift */,
				772374F11BA197ED009C391D /* Supporting Files */,
			);
			path = VirtualTouristTests;
			sourceTree = "<group>";
		};
		772374F11BA197ED009C391D /* Supporting Files */ = {
			isa = PBXGroup;
			children = (
				772374F21BA197ED009C391D /* Info.plist */,
			);
			name = "Supporting Files";
			sourceTree = "<group>";
		};
		772374FF1BA19DC7009C391D /* Model */ = {
			isa = PBXGroup;
			children = (
				772375141BA20644009C391D /* Pin.swift */,
				772375161BA20FF1009C391D /* PinAnnotation.swift */,
			);
			name = Model;
			sourceTree = "<group>";
		};
		772375001BA19DCD009C391D /* View */ = {
			isa = PBXGroup;
			children = (
				772374E11BA197EC009C391D /* Main.storyboard */,
				772374E41BA197EC009C391D /* Images.xcassets */,
				772374E61BA197EC009C391D /* LaunchScreen.xib */,
				7723750E1BA1D941009C391D /* PhotoCollectionViewCell.swift */,
				772375101BA1E368009C391D /* PhotoAlbumCollectionViewFlowLayout.swift */,
			);
			name = View;
			sourceTree = "<group>";
		};
		772375011BA19DD2009C391D /* Controller */ = {
			isa = PBXGroup;
			children = (
				772375091BA1A030009C391D /* ViewController.swift */,
				772375051BA19F99009C391D /* TravelLocationsMapViewController.swift */,
				772375071BA19FA8009C391D /* PhotoAlbumViewController.swift */,
			);
			name = Controller;
			sourceTree = "<group>";
		};
		772375041BA19E72009C391D /* CoreData */ = {
			isa = PBXGroup;
			children = (
				772375021BA19E60009C391D /* CoreDataStackManager.swift */,
				772374DC1BA197EC009C391D /* VirtualTourist.xcdatamodeld */,
			);
			name = CoreData;
			sourceTree = "<group>";
		};
		7723750B1BA1A0B8009C391D /* Utils */ = {
			isa = PBXGroup;
			children = (
				7723750C1BA1B188009C391D /* MKCoordinateRegion.swift */,
			);
			name = Utils;
			sourceTree = "<group>";
		};
/* End PBXGroup section */

/* Begin PBXNativeTarget section */
		772374D41BA197EC009C391D /* VirtualTourist */ = {
			isa = PBXNativeTarget;
			buildConfigurationList = 772374F71BA197ED009C391D /* Build configuration list for PBXNativeTarget "VirtualTourist" */;
			buildPhases = (
				772374D11BA197EC009C391D /* Sources */,
				772374D21BA197EC009C391D /* Frameworks */,
				772374D31BA197EC009C391D /* Resources */,
			);
			buildRules = (
			);
			dependencies = (
			);
			name = VirtualTourist;
			productName = VirtualTourist;
			productReference = 772374D51BA197EC009C391D /* VirtualTourist.app */;
			productType = "com.apple.product-type.application";
		};
		772374EC1BA197ED009C391D /* VirtualTouristTests */ = {
			isa = PBXNativeTarget;
			buildConfigurationList = 772374FA1BA197ED009C391D /* Build configuration list for PBXNativeTarget "VirtualTouristTests" */;
			buildPhases = (
				772374E91BA197ED009C391D /* Sources */,
				772374EA1BA197ED009C391D /* Frameworks */,
				772374EB1BA197ED009C391D /* Resources */,
			);
			buildRules = (
			);
			dependencies = (
				772374EF1BA197ED009C391D /* PBXTargetDependency */,
			);
			name = VirtualTouristTests;
			productName = VirtualTouristTests;
			productReference = 772374ED1BA197ED009C391D /* VirtualTouristTests.xctest */;
			productType = "com.apple.product-type.bundle.unit-test";
		};
/* End PBXNativeTarget section */

/* Begin PBXProject section */
		772374CD1BA197EC009C391D /* Project object */ = {
			isa = PBXProject;
			attributes = {
				LastUpgradeCheck = 0640;
				ORGANIZATIONNAME = "Axel Guilmin";
				TargetAttributes = {
					772374D41BA197EC009C391D = {
						CreatedOnToolsVersion = 6.4;
					};
					772374EC1BA197ED009C391D = {
						CreatedOnToolsVersion = 6.4;
						TestTargetID = 772374D41BA197EC009C391D;
					};
				};
			};
			buildConfigurationList = 772374D01BA197EC009C391D /* Build configuration list for PBXProject "VirtualTourist" */;
			compatibilityVersion = "Xcode 3.2";
			developmentRegion = English;
			hasScannedForEncodings = 0;
			knownRegions = (
				en,
				Base,
			);
			mainGroup = 772374CC1BA197EC009C391D;
			productRefGroup = 772374D61BA197EC009C391D /* Products */;
			projectDirPath = "";
			projectRoot = "";
			targets = (
				772374D41BA197EC009C391D /* VirtualTourist */,
				772374EC1BA197ED009C391D /* VirtualTouristTests */,
			);
		};
/* End PBXProject section */

/* Begin PBXResourcesBuildPhase section */
		772374D31BA197EC009C391D /* Resources */ = {
			isa = PBXResourcesBuildPhase;
			buildActionMask = 2147483647;
			files = (
				772374E31BA197EC009C391D /* Main.storyboard in Resources */,
				772374E81BA197EC009C391D /* LaunchScreen.xib in Resources */,
				772374E51BA197EC009C391D /* Images.xcassets in Resources */,
			);
			runOnlyForDeploymentPostprocessing = 0;
		};
		772374EB1BA197ED009C391D /* Resources */ = {
			isa = PBXResourcesBuildPhase;
			buildActionMask = 2147483647;
			files = (
			);
			runOnlyForDeploymentPostprocessing = 0;
		};
/* End PBXResourcesBuildPhase section */

/* Begin PBXSourcesBuildPhase section */
		772374D11BA197EC009C391D /* Sources */ = {
			isa = PBXSourcesBuildPhase;
			buildActionMask = 2147483647;
			files = (
				772375171BA20FF1009C391D /* PinAnnotation.swift in Sources */,
				772375111BA1E368009C391D /* PhotoAlbumCollectionViewFlowLayout.swift in Sources */,
				772375151BA20644009C391D /* Pin.swift in Sources */,
				7723750D1BA1B188009C391D /* MKCoordinateRegion.swift in Sources */,
				7723750F1BA1D941009C391D /* PhotoCollectionViewCell.swift in Sources */,
				7723750A1BA1A030009C391D /* ViewController.swift in Sources */,
				772375061BA19F99009C391D /* TravelLocationsMapViewController.swift in Sources */,
				772375031BA19E60009C391D /* CoreDataStackManager.swift in Sources */,
				772374DE1BA197EC009C391D /* VirtualTourist.xcdatamodeld in Sources */,
				772374DB1BA197EC009C391D /* AppDelegate.swift in Sources */,
				772375081BA19FA8009C391D /* PhotoAlbumViewController.swift in Sources */,
			);
			runOnlyForDeploymentPostprocessing = 0;
		};
		772374E91BA197ED009C391D /* Sources */ = {
			isa = PBXSourcesBuildPhase;
			buildActionMask = 2147483647;
			files = (
				772374F41BA197ED009C391D /* VirtualTouristTests.swift in Sources */,
			);
			runOnlyForDeploymentPostprocessing = 0;
		};
/* End PBXSourcesBuildPhase section */

/* Begin PBXTargetDependency section */
		772374EF1BA197ED009C391D /* PBXTargetDependency */ = {
			isa = PBXTargetDependency;
			target = 772374D41BA197EC009C391D /* VirtualTourist */;
			targetProxy = 772374EE1BA197ED009C391D /* PBXContainerItemProxy */;
		};
/* End PBXTargetDependency section */

/* Begin PBXVariantGroup section */
		772374E11BA197EC009C391D /* Main.storyboard */ = {
			isa = PBXVariantGroup;
			children = (
				772374E21BA197EC009C391D /* Base */,
			);
			name = Main.storyboard;
			sourceTree = "<group>";
		};
		772374E61BA197EC009C391D /* LaunchScreen.xib */ = {
			isa = PBXVariantGroup;
			children = (
				772374E71BA197EC009C391D /* Base */,
			);
			name = LaunchScreen.xib;
			sourceTree = "<group>";
		};
/* End PBXVariantGroup section */

/* Begin XCBuildConfiguration section */
		772374F51BA197ED009C391D /* Debug */ = {
			isa = XCBuildConfiguration;
			buildSettings = {
				ALWAYS_SEARCH_USER_PATHS = NO;
				CLANG_CXX_LANGUAGE_STANDARD = "gnu++0x";
				CLANG_CXX_LIBRARY = "libc++";
				CLANG_ENABLE_MODULES = YES;
				CLANG_ENABLE_OBJC_ARC = YES;
				CLANG_WARN_BOOL_CONVERSION = YES;
				CLANG_WARN_CONSTANT_CONVERSION = YES;
				CLANG_WARN_DIRECT_OBJC_ISA_USAGE = YES_ERROR;
				CLANG_WARN_EMPTY_BODY = YES;
				CLANG_WARN_ENUM_CONVERSION = YES;
				CLANG_WARN_INT_CONVERSION = YES;
				CLANG_WARN_OBJC_ROOT_CLASS = YES_ERROR;
				CLANG_WARN_UNREACHABLE_CODE = YES;
				CLANG_WARN__DUPLICATE_METHOD_MATCH = YES;
				"CODE_SIGN_IDENTITY[sdk=iphoneos*]" = "iPhone Developer";
				COPY_PHASE_STRIP = NO;
				DEBUG_INFORMATION_FORMAT = "dwarf-with-dsym";
				ENABLE_STRICT_OBJC_MSGSEND = YES;
				GCC_C_LANGUAGE_STANDARD = gnu99;
				GCC_DYNAMIC_NO_PIC = NO;
				GCC_NO_COMMON_BLOCKS = YES;
				GCC_OPTIMIZATION_LEVEL = 0;
				GCC_PREPROCESSOR_DEFINITIONS = (
					"DEBUG=1",
					"$(inherited)",
				);
				GCC_SYMBOLS_PRIVATE_EXTERN = NO;
				GCC_WARN_64_TO_32_BIT_CONVERSION = YES;
				GCC_WARN_ABOUT_RETURN_TYPE = YES_ERROR;
				GCC_WARN_UNDECLARED_SELECTOR = YES;
				GCC_WARN_UNINITIALIZED_AUTOS = YES_AGGRESSIVE;
				GCC_WARN_UNUSED_FUNCTION = YES;
				GCC_WARN_UNUSED_VARIABLE = YES;
				IPHONEOS_DEPLOYMENT_TARGET = 8.4;
				MTL_ENABLE_DEBUG_INFO = YES;
				ONLY_ACTIVE_ARCH = YES;
				SDKROOT = iphoneos;
				SWIFT_OPTIMIZATION_LEVEL = "-Onone";
				TARGETED_DEVICE_FAMILY = "1,2";
			};
			name = Debug;
		};
		772374F61BA197ED009C391D /* Release */ = {
			isa = XCBuildConfiguration;
			buildSettings = {
				ALWAYS_SEARCH_USER_PATHS = NO;
				CLANG_CXX_LANGUAGE_STANDARD = "gnu++0x";
				CLANG_CXX_LIBRARY = "libc++";
				CLANG_ENABLE_MODULES = YES;
				CLANG_ENABLE_OBJC_ARC = YES;
				CLANG_WARN_BOOL_CONVERSION = YES;
				CLANG_WARN_CONSTANT_CONVERSION = YES;
				CLANG_WARN_DIRECT_OBJC_ISA_USAGE = YES_ERROR;
				CLANG_WARN_EMPTY_BODY = YES;
				CLANG_WARN_ENUM_CONVERSION = YES;
				CLANG_WARN_INT_CONVERSION = YES;
				CLANG_WARN_OBJC_ROOT_CLASS = YES_ERROR;
				CLANG_WARN_UNREACHABLE_CODE = YES;
				CLANG_WARN__DUPLICATE_METHOD_MATCH = YES;
				"CODE_SIGN_IDENTITY[sdk=iphoneos*]" = "iPhone Developer";
				COPY_PHASE_STRIP = NO;
				DEBUG_INFORMATION_FORMAT = "dwarf-with-dsym";
				ENABLE_NS_ASSERTIONS = NO;
				ENABLE_STRICT_OBJC_MSGSEND = YES;
				GCC_C_LANGUAGE_STANDARD = gnu99;
				GCC_NO_COMMON_BLOCKS = YES;
				GCC_WARN_64_TO_32_BIT_CONVERSION = YES;
				GCC_WARN_ABOUT_RETURN_TYPE = YES_ERROR;
				GCC_WARN_UNDECLARED_SELECTOR = YES;
				GCC_WARN_UNINITIALIZED_AUTOS = YES_AGGRESSIVE;
				GCC_WARN_UNUSED_FUNCTION = YES;
				GCC_WARN_UNUSED_VARIABLE = YES;
				IPHONEOS_DEPLOYMENT_TARGET = 8.4;
				MTL_ENABLE_DEBUG_INFO = NO;
				SDKROOT = iphoneos;
				TARGETED_DEVICE_FAMILY = "1,2";
				VALIDATE_PRODUCT = YES;
			};
			name = Release;
		};
		772374F81BA197ED009C391D /* Debug */ = {
			isa = XCBuildConfiguration;
			buildSettings = {
				ASSETCATALOG_COMPILER_APPICON_NAME = AppIcon;
				INFOPLIST_FILE = VirtualTourist/Info.plist;
				LD_RUNPATH_SEARCH_PATHS = "$(inherited) @executable_path/Frameworks";
				OTHER_LDFLAGS = "-ObjC";
				PRODUCT_NAME = "$(TARGET_NAME)";
			};
			name = Debug;
		};
		772374F91BA197ED009C391D /* Release */ = {
			isa = XCBuildConfiguration;
			buildSettings = {
				ASSETCATALOG_COMPILER_APPICON_NAME = AppIcon;
				INFOPLIST_FILE = VirtualTourist/Info.plist;
				LD_RUNPATH_SEARCH_PATHS = "$(inherited) @executable_path/Frameworks";
				OTHER_LDFLAGS = "-ObjC";
				PRODUCT_NAME = "$(TARGET_NAME)";
			};
			name = Release;
		};
		772374FB1BA197ED009C391D /* Debug */ = {
			isa = XCBuildConfiguration;
			buildSettings = {
				BUNDLE_LOADER = "$(TEST_HOST)";
				FRAMEWORK_SEARCH_PATHS = (
					"$(SDKROOT)/Developer/Library/Frameworks",
					"$(inherited)",
				);
				GCC_PREPROCESSOR_DEFINITIONS = (
					"DEBUG=1",
					"$(inherited)",
				);
				INFOPLIST_FILE = VirtualTouristTests/Info.plist;
				LD_RUNPATH_SEARCH_PATHS = "$(inherited) @executable_path/Frameworks @loader_path/Frameworks";
				PRODUCT_NAME = "$(TARGET_NAME)";
				TEST_HOST = "$(BUILT_PRODUCTS_DIR)/VirtualTourist.app/VirtualTourist";
			};
			name = Debug;
		};
		772374FC1BA197ED009C391D /* Release */ = {
			isa = XCBuildConfiguration;
			buildSettings = {
				BUNDLE_LOADER = "$(TEST_HOST)";
				FRAMEWORK_SEARCH_PATHS = (
					"$(SDKROOT)/Developer/Library/Frameworks",
					"$(inherited)",
				);
				INFOPLIST_FILE = VirtualTouristTests/Info.plist;
				LD_RUNPATH_SEARCH_PATHS = "$(inherited) @executable_path/Frameworks @loader_path/Frameworks";
				PRODUCT_NAME = "$(TARGET_NAME)";
				TEST_HOST = "$(BUILT_PRODUCTS_DIR)/VirtualTourist.app/VirtualTourist";
			};
			name = Release;
		};
/* End XCBuildConfiguration section */

/* Begin XCConfigurationList section */
		772374D01BA197EC009C391D /* Build configuration list for PBXProject "VirtualTourist" */ = {
			isa = XCConfigurationList;
			buildConfigurations = (
				772374F51BA197ED009C391D /* Debug */,
				772374F61BA197ED009C391D /* Release */,
			);
			defaultConfigurationIsVisible = 0;
			defaultConfigurationName = Release;
		};
		772374F71BA197ED009C391D /* Build configuration list for PBXNativeTarget "VirtualTourist" */ = {
			isa = XCConfigurationList;
			buildConfigurations = (
				772374F81BA197ED009C391D /* Debug */,
				772374F91BA197ED009C391D /* Release */,
			);
			defaultConfigurationIsVisible = 0;
			defaultConfigurationName = Release;
		};
		772374FA1BA197ED009C391D /* Build configuration list for PBXNativeTarget "VirtualTouristTests" */ = {
			isa = XCConfigurationList;
			buildConfigurations = (
				772374FB1BA197ED009C391D /* Debug */,
				772374FC1BA197ED009C391D /* Release */,
			);
			defaultConfigurationIsVisible = 0;
			defaultConfigurationName = Release;
		};
/* End XCConfigurationList section */

/* Begin XCVersionGroup section */
		772374DC1BA197EC009C391D /* VirtualTourist.xcdatamodeld */ = {
			isa = XCVersionGroup;
			children = (
				772374DD1BA197EC009C391D /* VirtualTourist.xcdatamodel */,
			);
			currentVersion = 772374DD1BA197EC009C391D /* VirtualTourist.xcdatamodel */;
			path = VirtualTourist.xcdatamodeld;
			sourceTree = "<group>";
			versionGroupType = wrapper.xcdatamodel;
		};
/* End XCVersionGroup section */
	};
	rootObject = 772374CD1BA197EC009C391D /* Project object */;
}
